
Microsoft Visual Studio Solution File, Format Version 12.00
# Visual Studio Version 17
VisualStudioVersion = 17.10.35013.160
MinimumVisualStudioVersion = 10.0.40219.1
Project("{9A19103F-16F7-4668-BE54-9A1E7A4F7556}") = "BubbleSort", "BubbleSort\BubbleSort.csproj", "{EB41F7C8-F4F0-45C5-959D-2B59B76C1E78}"
EndProject
Project("{FAE04EC0-301F-11D3-BF4B-00C04F79EFBC}") = "BubbleSort.Tests", "BubbleSort.Tests\BubbleSort.Tests.csproj", "{98F51AEC-91ED-427D-91F5-DC1685E718CE}"
EndProject
Global
	GlobalSection(SolutionConfigurationPlatforms) = preSolution
		Debug|Any CPU = Debug|Any CPU
		Release|Any CPU = Release|Any CPU
	EndGlobalSection
	GlobalSection(ProjectConfigurationPlatforms) = postSolution
		{EB41F7C8-F4F0-45C5-959D-2B59B76C1E78}.Debug|Any CPU.ActiveCfg = Debug|Any CPU
		{EB41F7C8-F4F0-45C5-959D-2B59B76C1E78}.Debug|Any CPU.Build.0 = Debug|Any CPU
		{EB41F7C8-F4F0-45C5-959D-2B59B76C1E78}.Release|Any CPU.ActiveCfg = Release|Any CPU
		{EB41F7C8-F4F0-45C5-959D-2B59B76C1E78}.Release|Any CPU.Build.0 = Release|Any CPU
		{98F51AEC-91ED-427D-91F5-DC1685E718CE}.Debug|Any CPU.ActiveCfg = Debug|Any CPU
		{98F51AEC-91ED-427D-91F5-DC1685E718CE}.Debug|Any CPU.Build.0 = Debug|Any CPU
		{98F51AEC-91ED-427D-91F5-DC1685E718CE}.Release|Any CPU.ActiveCfg = Release|Any CPU
		{98F51AEC-91ED-427D-91F5-DC1685E718CE}.Release|Any CPU.Build.0 = Release|Any CPU
	EndGlobalSection
	GlobalSection(SolutionProperties) = preSolution
		HideSolutionNode = FALSE
	EndGlobalSection
	GlobalSection(ExtensibilityGlobals) = postSolution
		SolutionGuid = {25DE2023-3FCF-41F6-AEB4-864B563B7FAD}
	EndGlobalSection
EndGlobal
