
Microsoft Visual Studio Solution File, Format Version 12.00
# Visual Studio Version 17
VisualStudioVersion = 17.10.35013.160
MinimumVisualStudioVersion = 10.0.40219.1
Project("{FAE04EC0-301F-11D3-BF4B-00C04F79EFBC}") = "MyThreadPool", "MyThreadPool\MyThreadPool.csproj", "{7CFE796A-52D3-464D-85C7-65E7E714B3E2}"
EndProject
Global
	GlobalSection(SolutionConfigurationPlatforms) = preSolution
		Debug|Any CPU = Debug|Any CPU
		Release|Any CPU = Release|Any CPU
	EndGlobalSection
	GlobalSection(ProjectConfigurationPlatforms) = postSolution
		{7CFE796A-52D3-464D-85C7-65E7E714B3E2}.Debug|Any CPU.ActiveCfg = Debug|Any CPU
		{7CFE796A-52D3-464D-85C7-65E7E714B3E2}.Debug|Any CPU.Build.0 = Debug|Any CPU
		{7CFE796A-52D3-464D-85C7-65E7E714B3E2}.Release|Any CPU.ActiveCfg = Release|Any CPU
		{7CFE796A-52D3-464D-85C7-65E7E714B3E2}.Release|Any CPU.Build.0 = Release|Any CPU
	EndGlobalSection
	GlobalSection(SolutionProperties) = preSolution
		HideSolutionNode = FALSE
	EndGlobalSection
	GlobalSection(ExtensibilityGlobals) = postSolution
		SolutionGuid = {04446B69-18D6-4DB4-98A2-5350C79B891F}
	EndGlobalSection
EndGlobal
