
Microsoft Visual Studio Solution File, Format Version 12.00
# Visual Studio Version 17
VisualStudioVersion = 17.10.35013.160
MinimumVisualStudioVersion = 10.0.40219.1
Project("{9A19103F-16F7-4668-BE54-9A1E7A4F7556}") = "StackCalculator", "StackCalculator\StackCalculator.csproj", "{79041B35-B0E8-40CE-ABF3-B207A71177CF}"
EndProject
Project("{FAE04EC0-301F-11D3-BF4B-00C04F79EFBC}") = "StackCalculator.Tests", "StackCalculator.Tests\StackCalculator.Tests.csproj", "{119FC447-9518-4AEF-BA18-94F904110A6F}"
EndProject
Global
	GlobalSection(SolutionConfigurationPlatforms) = preSolution
		Debug|Any CPU = Debug|Any CPU
		Release|Any CPU = Release|Any CPU
	EndGlobalSection
	GlobalSection(ProjectConfigurationPlatforms) = postSolution
		{79041B35-B0E8-40CE-ABF3-B207A71177CF}.Debug|Any CPU.ActiveCfg = Debug|Any CPU
		{79041B35-B0E8-40CE-ABF3-B207A71177CF}.Debug|Any CPU.Build.0 = Debug|Any CPU
		{79041B35-B0E8-40CE-ABF3-B207A71177CF}.Release|Any CPU.ActiveCfg = Release|Any CPU
		{79041B35-B0E8-40CE-ABF3-B207A71177CF}.Release|Any CPU.Build.0 = Release|Any CPU
		{119FC447-9518-4AEF-BA18-94F904110A6F}.Debug|Any CPU.ActiveCfg = Debug|Any CPU
		{119FC447-9518-4AEF-BA18-94F904110A6F}.Debug|Any CPU.Build.0 = Debug|Any CPU
		{119FC447-9518-4AEF-BA18-94F904110A6F}.Release|Any CPU.ActiveCfg = Release|Any CPU
		{119FC447-9518-4AEF-BA18-94F904110A6F}.Release|Any CPU.Build.0 = Release|Any CPU
	EndGlobalSection
	GlobalSection(SolutionProperties) = preSolution
		HideSolutionNode = FALSE
	EndGlobalSection
	GlobalSection(ExtensibilityGlobals) = postSolution
		SolutionGuid = {5DC82059-C038-42EB-A0DF-E36DBEC2FC5D}
	EndGlobalSection
EndGlobal
