
Microsoft Visual Studio Solution File, Format Version 12.00
# Visual Studio Version 17
VisualStudioVersion = 17.10.35013.160
MinimumVisualStudioVersion = 10.0.40219.1
Project("{FAE04EC0-301F-11D3-BF4B-00C04F79EFBC}") = "Routers", "Routers\Routers.csproj", "{FE9A9DDD-DDD2-426C-8849-1B81859F7375}"
EndProject
Global
	GlobalSection(SolutionConfigurationPlatforms) = preSolution
		Debug|Any CPU = Debug|Any CPU
		Release|Any CPU = Release|Any CPU
	EndGlobalSection
	GlobalSection(ProjectConfigurationPlatforms) = postSolution
		{FE9A9DDD-DDD2-426C-8849-1B81859F7375}.Debug|Any CPU.ActiveCfg = Debug|Any CPU
		{FE9A9DDD-DDD2-426C-8849-1B81859F7375}.Debug|Any CPU.Build.0 = Debug|Any CPU
		{FE9A9DDD-DDD2-426C-8849-1B81859F7375}.Release|Any CPU.ActiveCfg = Release|Any CPU
		{FE9A9DDD-DDD2-426C-8849-1B81859F7375}.Release|Any CPU.Build.0 = Release|Any CPU
	EndGlobalSection
	GlobalSection(SolutionProperties) = preSolution
		HideSolutionNode = FALSE
	EndGlobalSection
	GlobalSection(ExtensibilityGlobals) = postSolution
		SolutionGuid = {6CAFE6AF-C780-4CD9-A549-937FCDAD3F71}
	EndGlobalSection
EndGlobal
